// !$*UTF8*$!
{
	archiveVersion = 1;
	classes = {
	};
	objectVersion = 63;
	objects = {

/* Begin PBXBuildFile section */
		77CA79A52E123F3000F2AB57 /* JCAPI.a in Frameworks */ = {isa = PBXBuildFile; fileRef = 77CA79A32E123F1C00F2AB57 /* JCAPI.a */; };
		77CA79A62E123F4000F2AB57 /* JCLPAPI.a in Frameworks */ = {isa = PBXBuildFile; fileRef = 77CA79A42E123F1C00F2AB57 /* JCLPAPI.a */; };
		9A9871262C11563800C1CA25 /* AppDelegate.swift in Sources */ = {isa = PBXBuildFile; fileRef = 9A9871252C11563800C1CA25 /* AppDelegate.swift */; };
		9A9871282C11563800C1CA25 /* SceneDelegate.swift in Sources */ = {isa = PBXBuildFile; fileRef = 9A9871272C11563800C1CA25 /* SceneDelegate.swift */; };
		9A98712A2C11563800C1CA25 /* ViewController.swift in Sources */ = {isa = PBXBuildFile; fileRef = 9A9871292C11563800C1CA25 /* ViewController.swift */; };
		9A98712D2C11563800C1CA25 /* Main.storyboard in Resources */ = {isa = PBXBuildFile; fileRef = 9A98712B2C11563800C1CA25 /* Main.storyboard */; };
		9A98712F2C11563A00C1CA25 /* Assets.xcassets in Resources */ = {isa = PBXBuildFile; fileRef = 9A98712E2C11563A00C1CA25 /* Assets.xcassets */; };
		9A9871322C11563A00C1CA25 /* LaunchScreen.storyboard in Resources */ = {isa = PBXBuildFile; fileRef = 9A9871302C11563A00C1CA25 /* LaunchScreen.storyboard */; };
		9A98720B2C11B1D900C1CA25 /* Help.m in Sources */ = {isa = PBXBuildFile; fileRef = 9A98720A2C11B1D900C1CA25 /* Help.m */; };
		9A9872142C11B84100C1CA25 /* libiconv.2.tbd in Frameworks */ = {isa = PBXBuildFile; fileRef = 9A9872132C11B84100C1CA25 /* libiconv.2.tbd */; };
		9A9872162C11B84C00C1CA25 /* libbz2.1.0.tbd in Frameworks */ = {isa = PBXBuildFile; fileRef = 9A9872152C11B84C00C1CA25 /* libbz2.1.0.tbd */; };
		9A9872182C11B85C00C1CA25 /* CoreMedia.framework in Frameworks */ = {isa = PBXBuildFile; fileRef = 9A9872172C11B85C00C1CA25 /* CoreMedia.framework */; };
		9A98721A2C11B86300C1CA25 /* AVFoundation.framework in Frameworks */ = {isa = PBXBuildFile; fileRef = 9A9872192C11B86300C1CA25 /* AVFoundation.framework */; };
		9A9872262C11B8EB00C1CA25 /* libSkiaRenderLibrary.a in Frameworks */ = {isa = PBXBuildFile; fileRef = 9A9872242C11B8EB00C1CA25 /* libSkiaRenderLibrary.a */; };
		9A98722B2C11B8F800C1CA25 /* ZT002.otf in Resources */ = {isa = PBXBuildFile; fileRef = 9A9872282C11B8F800C1CA25 /* ZT002.otf */; };
		9A98722C2C11B8F800C1CA25 /* FONT.json in Resources */ = {isa = PBXBuildFile; fileRef = 9A9872292C11B8F800C1CA25 /* FONT.json */; };
		9A98722D2C11B8F800C1CA25 /* ZT001.ttf in Resources */ = {isa = PBXBuildFile; fileRef = 9A98722A2C11B8F800C1CA25 /* ZT001.ttf */; };
/* End PBXBuildFile section */

/* Begin PBXFileReference section */
		77CA79A22E123F0E00F2AB57 /* JCAPI.h */ = {isa = PBXFileReference; lastKnownFileType = sourcecode.c.h; path = JCAPI.h; sourceTree = "<group>"; };
		77CA79A32E123F1C00F2AB57 /* JCAPI.a */ = {isa = PBXFileReference; lastKnownFileType = archive.ar; path = JCAPI.a; sourceTree = "<group>"; };
		77CA79A42E123F1C00F2AB57 /* JCLPAPI.a */ = {isa = PBXFileReference; lastKnownFileType = archive.ar; path = JCLPAPI.a; sourceTree = "<group>"; };
		9A9871222C11563800C1CA25 /* SDKDemoSwift.app */ = {isa = PBXFileReference; explicitFileType = wrapper.application; includeInIndex = 0; path = SDKDemoSwift.app; sourceTree = BUILT_PRODUCTS_DIR; };
		9A9871252C11563800C1CA25 /* AppDelegate.swift */ = {isa = PBXFileReference; lastKnownFileType = sourcecode.swift; path = AppDelegate.swift; sourceTree = "<group>"; };
		9A9871272C11563800C1CA25 /* SceneDelegate.swift */ = {isa = PBXFileReference; lastKnownFileType = sourcecode.swift; path = SceneDelegate.swift; sourceTree = "<group>"; };
		9A9871292C11563800C1CA25 /* ViewController.swift */ = {isa = PBXFileReference; lastKnownFileType = sourcecode.swift; path = ViewController.swift; sourceTree = "<group>"; };
		9A98712C2C11563800C1CA25 /* Base */ = {isa = PBXFileReference; lastKnownFileType = file.storyboard; name = Base; path = Base.lproj/Main.storyboard; sourceTree = "<group>"; };
		9A98712E2C11563A00C1CA25 /* Assets.xcassets */ = {isa = PBXFileReference; lastKnownFileType = folder.assetcatalog; path = Assets.xcassets; sourceTree = "<group>"; };
		9A9871312C11563A00C1CA25 /* Base */ = {isa = PBXFileReference; lastKnownFileType = file.storyboard; name = Base; path = Base.lproj/LaunchScreen.storyboard; sourceTree = "<group>"; };
		9A9871332C11563A00C1CA25 /* Info.plist */ = {isa = PBXFileReference; lastKnownFileType = text.plist.xml; path = Info.plist; sourceTree = "<group>"; };
		9A9872082C11B1D900C1CA25 /* SDKDemoSwift-Bridging-Header.h */ = {isa = PBXFileReference; lastKnownFileType = sourcecode.c.h; path = "SDKDemoSwift-Bridging-Header.h"; sourceTree = "<group>"; };
		9A9872092C11B1D900C1CA25 /* Help.h */ = {isa = PBXFileReference; lastKnownFileType = sourcecode.c.h; path = Help.h; sourceTree = "<group>"; };
		9A98720A2C11B1D900C1CA25 /* Help.m */ = {isa = PBXFileReference; lastKnownFileType = sourcecode.c.objc; path = Help.m; sourceTree = "<group>"; };
		9A9872132C11B84100C1CA25 /* libiconv.2.tbd */ = {isa = PBXFileReference; lastKnownFileType = "sourcecode.text-based-dylib-definition"; name = libiconv.2.tbd; path = usr/lib/libiconv.2.tbd; sourceTree = SDKROOT; };
		9A9872152C11B84C00C1CA25 /* libbz2.1.0.tbd */ = {isa = PBXFileReference; lastKnownFileType = "sourcecode.text-based-dylib-definition"; name = libbz2.1.0.tbd; path = usr/lib/libbz2.1.0.tbd; sourceTree = SDKROOT; };
		9A9872172C11B85C00C1CA25 /* CoreMedia.framework */ = {isa = PBXFileReference; lastKnownFileType = wrapper.framework; name = CoreMedia.framework; path = System/Library/Frameworks/CoreMedia.framework; sourceTree = SDKROOT; };
		9A9872192C11B86300C1CA25 /* AVFoundation.framework */ = {isa = PBXFileReference; lastKnownFileType = wrapper.framework; name = AVFoundation.framework; path = System/Library/Frameworks/AVFoundation.framework; sourceTree = SDKROOT; };
		9A9872242C11B8EB00C1CA25 /* libSkiaRenderLibrary.a */ = {isa = PBXFileReference; lastKnownFileType = archive.ar; path = libSkiaRenderLibrary.a; sourceTree = "<group>"; };
		9A9872282C11B8F800C1CA25 /* ZT002.otf */ = {isa = PBXFileReference; lastKnownFileType = file; path = ZT002.otf; sourceTree = "<group>"; };
		9A9872292C11B8F800C1CA25 /* FONT.json */ = {isa = PBXFileReference; fileEncoding = 4; lastKnownFileType = text.json; path = FONT.json; sourceTree = "<group>"; };
		9A98722A2C11B8F800C1CA25 /* ZT001.ttf */ = {isa = PBXFileReference; lastKnownFileType = file; path = ZT001.ttf; sourceTree = "<group>"; };
/* End PBXFileReference section */

/* Begin PBXFrameworksBuildPhase section */
		9A98711F2C11563800C1CA25 /* Frameworks */ = {
			isa = PBXFrameworksBuildPhase;
			buildActionMask = 2147483647;
			files = (
				77CA79A62E123F4000F2AB57 /* JCLPAPI.a in Frameworks */,
				77CA79A52E123F3000F2AB57 /* JCAPI.a in Frameworks */,
				9A98721A2C11B86300C1CA25 /* AVFoundation.framework in Frameworks */,
				9A9872182C11B85C00C1CA25 /* CoreMedia.framework in Frameworks */,
				9A9872262C11B8EB00C1CA25 /* libSkiaRenderLibrary.a in Frameworks */,
				9A9872162C11B84C00C1CA25 /* libbz2.1.0.tbd in Frameworks */,
				9A9872142C11B84100C1CA25 /* libiconv.2.tbd in Frameworks */,
			);
			runOnlyForDeploymentPostprocessing = 0;
		};
/* End PBXFrameworksBuildPhase section */

/* Begin PBXGroup section */
		9A9871192C11563800C1CA25 = {
			isa = PBXGroup;
			children = (
				9A9871242C11563800C1CA25 /* SDKDemoSwift */,
				9A9871232C11563800C1CA25 /* Products */,
				9A9872122C11B84100C1CA25 /* Frameworks */,
			);
			sourceTree = "<group>";
		};
		9A9871232C11563800C1CA25 /* Products */ = {
			isa = PBXGroup;
			children = (
				9A9871222C11563800C1CA25 /* SDKDemoSwift.app */,
			);
			name = Products;
			sourceTree = "<group>";
		};
		9A9871242C11563800C1CA25 /* SDKDemoSwift */ = {
			isa = PBXGroup;
			children = (
				9A9871252C11563800C1CA25 /* AppDelegate.swift */,
				9A9871272C11563800C1CA25 /* SceneDelegate.swift */,
				9A9871292C11563800C1CA25 /* ViewController.swift */,
				9A9872272C11B8F800C1CA25 /* font */,
				77CA79A32E123F1C00F2AB57 /* JCAPI.a */,
				77CA79A42E123F1C00F2AB57 /* JCLPAPI.a */,
				77CA79A22E123F0E00F2AB57 /* JCAPI.h */,
				9A9872242C11B8EB00C1CA25 /* libSkiaRenderLibrary.a */,
				9A9872092C11B1D900C1CA25 /* Help.h */,
				9A98720A2C11B1D900C1CA25 /* Help.m */,
				9A98712B2C11563800C1CA25 /* Main.storyboard */,
				9A98712E2C11563A00C1CA25 /* Assets.xcassets */,
				9A9871302C11563A00C1CA25 /* LaunchScreen.storyboard */,
				9A9871332C11563A00C1CA25 /* Info.plist */,
				9A9872082C11B1D900C1CA25 /* SDKDemoSwift-Bridging-Header.h */,
			);
			path = SDKDemoSwift;
			sourceTree = "<group>";
		};
		9A9872122C11B84100C1CA25 /* Frameworks */ = {
			isa = PBXGroup;
			children = (
				9A9872192C11B86300C1CA25 /* AVFoundation.framework */,
				9A9872172C11B85C00C1CA25 /* CoreMedia.framework */,
				9A9872152C11B84C00C1CA25 /* libbz2.1.0.tbd */,
				9A9872132C11B84100C1CA25 /* libiconv.2.tbd */,
			);
			name = Frameworks;
			sourceTree = "<group>";
		};
		9A9872272C11B8F800C1CA25 /* font */ = {
			isa = PBXGroup;
			children = (
				9A9872282C11B8F800C1CA25 /* ZT002.otf */,
				9A9872292C11B8F800C1CA25 /* FONT.json */,
				9A98722A2C11B8F800C1CA25 /* ZT001.ttf */,
			);
			path = font;
			sourceTree = "<group>";
		};
/* End PBXGroup section */

/* Begin PBXNativeTarget section */
		9A9871212C11563800C1CA25 /* SDKDemoSwift */ = {
			isa = PBXNativeTarget;
			buildConfigurationList = 9A9871362C11563A00C1CA25 /* Build configuration list for PBXNativeTarget "SDKDemoSwift" */;
			buildPhases = (
				9A98711E2C11563800C1CA25 /* Sources */,
				9A98711F2C11563800C1CA25 /* Frameworks */,
				9A9871202C11563800C1CA25 /* Resources */,
			);
			buildRules = (
			);
			dependencies = (
			);
			name = SDKDemoSwift;
			productName = SDKDemoSwift;
			productReference = 9A9871222C11563800C1CA25 /* SDKDemoSwift.app */;
			productType = "com.apple.product-type.application";
		};
/* End PBXNativeTarget section */

/* Begin PBXProject section */
		9A98711A2C11563800C1CA25 /* Project object */ = {
			isa = PBXProject;
			attributes = {
				BuildIndependentTargetsInParallel = 1;
				LastSwiftUpdateCheck = 1500;
				LastUpgradeCheck = 1500;
				TargetAttributes = {
					9A9871212C11563800C1CA25 = {
						CreatedOnToolsVersion = 15.0.1;
						LastSwiftMigration = 1500;
					};
				};
			};
			buildConfigurationList = 9A98711D2C11563800C1CA25 /* Build configuration list for PBXProject "SDKDemoSwift" */;
			compatibilityVersion = "Xcode 15.3";
			developmentRegion = en;
			hasScannedForEncodings = 0;
			knownRegions = (
				en,
				Base,
			);
			mainGroup = 9A9871192C11563800C1CA25;
			productRefGroup = 9A9871232C11563800C1CA25 /* Products */;
			projectDirPath = "";
			projectRoot = "";
			targets = (
				9A9871212C11563800C1CA25 /* SDKDemoSwift */,
			);
		};
/* End PBXProject section */

/* Begin PBXResourcesBuildPhase section */
		9A9871202C11563800C1CA25 /* Resources */ = {
			isa = PBXResourcesBuildPhase;
			buildActionMask = 2147483647;
			files = (
				9A98722D2C11B8F800C1CA25 /* ZT001.ttf in Resources */,
				9A98722C2C11B8F800C1CA25 /* FONT.json in Resources */,
				9A98722B2C11B8F800C1CA25 /* ZT002.otf in Resources */,
				9A9871322C11563A00C1CA25 /* LaunchScreen.storyboard in Resources */,
				9A98712F2C11563A00C1CA25 /* Assets.xcassets in Resources */,
				9A98712D2C11563800C1CA25 /* Main.storyboard in Resources */,
			);
			runOnlyForDeploymentPostprocessing = 0;
		};
/* End PBXResourcesBuildPhase section */

/* Begin PBXSourcesBuildPhase section */
		9A98711E2C11563800C1CA25 /* Sources */ = {
			isa = PBXSourcesBuildPhase;
			buildActionMask = 2147483647;
			files = (
				9A98712A2C11563800C1CA25 /* ViewController.swift in Sources */,
				9A9871262C11563800C1CA25 /* AppDelegate.swift in Sources */,
				9A98720B2C11B1D900C1CA25 /* Help.m in Sources */,
				9A9871282C11563800C1CA25 /* SceneDelegate.swift in Sources */,
			);
			runOnlyForDeploymentPostprocessing = 0;
		};
/* End PBXSourcesBuildPhase section */

/* Begin PBXVariantGroup section */
		9A98712B2C11563800C1CA25 /* Main.storyboard */ = {
			isa = PBXVariantGroup;
			children = (
				9A98712C2C11563800C1CA25 /* Base */,
			);
			name = Main.storyboard;
			sourceTree = "<group>";
		};
		9A9871302C11563A00C1CA25 /* LaunchScreen.storyboard */ = {
			isa = PBXVariantGroup;
			children = (
				9A9871312C11563A00C1CA25 /* Base */,
			);
			name = LaunchScreen.storyboard;
			sourceTree = "<group>";
		};
/* End PBXVariantGroup section */

/* Begin XCBuildConfiguration section */
		9A9871342C11563A00C1CA25 /* Debug */ = {
			isa = XCBuildConfiguration;
			buildSettings = {
				ALWAYS_SEARCH_USER_PATHS = NO;
				ASSETCATALOG_COMPILER_GENERATE_SWIFT_ASSET_SYMBOL_EXTENSIONS = YES;
				CLANG_ANALYZER_NONNULL = YES;
				CLANG_ANALYZER_NUMBER_OBJECT_CONVERSION = YES_AGGRESSIVE;
				CLANG_CXX_LANGUAGE_STANDARD = "gnu++20";
				CLANG_ENABLE_MODULES = YES;
				CLANG_ENABLE_OBJC_ARC = YES;
				CLANG_ENABLE_OBJC_WEAK = YES;
				CLANG_WARN_BLOCK_CAPTURE_AUTORELEASING = YES;
				CLANG_WARN_BOOL_CONVERSION = YES;
				CLANG_WARN_COMMA = YES;
				CLANG_WARN_CONSTANT_CONVERSION = YES;
				CLANG_WARN_DEPRECATED_OBJC_IMPLEMENTATIONS = YES;
				CLANG_WARN_DIRECT_OBJC_ISA_USAGE = YES_ERROR;
				CLANG_WARN_DOCUMENTATION_COMMENTS = YES;
				CLANG_WARN_EMPTY_BODY = YES;
				CLANG_WARN_ENUM_CONVERSION = YES;
				CLANG_WARN_INFINITE_RECURSION = YES;
				CLANG_WARN_INT_CONVERSION = YES;
				CLANG_WARN_NON_LITERAL_NULL_CONVERSION = YES;
				CLANG_WARN_OBJC_IMPLICIT_RETAIN_SELF = YES;
				CLANG_WARN_OBJC_LITERAL_CONVERSION = YES;
				CLANG_WARN_OBJC_ROOT_CLASS = YES_ERROR;
				CLANG_WARN_QUOTED_INCLUDE_IN_FRAMEWORK_HEADER = YES;
				CLANG_WARN_RANGE_LOOP_ANALYSIS = YES;
				CLANG_WARN_STRICT_PROTOTYPES = YES;
				CLANG_WARN_SUSPICIOUS_MOVE = YES;
				CLANG_WARN_UNGUARDED_AVAILABILITY = YES_AGGRESSIVE;
				CLANG_WARN_UNREACHABLE_CODE = YES;
				CLANG_WARN__DUPLICATE_METHOD_MATCH = YES;
				COPY_PHASE_STRIP = NO;
				DEBUG_INFORMATION_FORMAT = dwarf;
				ENABLE_STRICT_OBJC_MSGSEND = YES;
				ENABLE_TESTABILITY = YES;
				ENABLE_USER_SCRIPT_SANDBOXING = YES;
				GCC_C_LANGUAGE_STANDARD = gnu17;
				GCC_DYNAMIC_NO_PIC = NO;
				GCC_NO_COMMON_BLOCKS = YES;
				GCC_OPTIMIZATION_LEVEL = 0;
				GCC_PREPROCESSOR_DEFINITIONS = (
					"DEBUG=1",
					"$(inherited)",
				);
				GCC_WARN_64_TO_32_BIT_CONVERSION = YES;
				GCC_WARN_ABOUT_RETURN_TYPE = YES_ERROR;
				GCC_WARN_UNDECLARED_SELECTOR = YES;
				GCC_WARN_UNINITIALIZED_AUTOS = YES_AGGRESSIVE;
				GCC_WARN_UNUSED_FUNCTION = YES;
				GCC_WARN_UNUSED_VARIABLE = YES;
				IPHONEOS_DEPLOYMENT_TARGET = 17.0;
				LOCALIZATION_PREFERS_STRING_CATALOGS = YES;
				MTL_ENABLE_DEBUG_INFO = INCLUDE_SOURCE;
				MTL_FAST_MATH = YES;
				ONLY_ACTIVE_ARCH = YES;
				SDKROOT = iphoneos;
				SWIFT_ACTIVE_COMPILATION_CONDITIONS = "DEBUG $(inherited)";
				SWIFT_OPTIMIZATION_LEVEL = "-Onone";
			};
			name = Debug;
		};
		9A9871352C11563A00C1CA25 /* Release */ = {
			isa = XCBuildConfiguration;
			buildSettings = {
				ALWAYS_SEARCH_USER_PATHS = NO;
				ASSETCATALOG_COMPILER_GENERATE_SWIFT_ASSET_SYMBOL_EXTENSIONS = YES;
				CLANG_ANALYZER_NONNULL = YES;
				CLANG_ANALYZER_NUMBER_OBJECT_CONVERSION = YES_AGGRESSIVE;
				CLANG_CXX_LANGUAGE_STANDARD = "gnu++20";
				CLANG_ENABLE_MODULES = YES;
				CLANG_ENABLE_OBJC_ARC = YES;
				CLANG_ENABLE_OBJC_WEAK = YES;
				CLANG_WARN_BLOCK_CAPTURE_AUTORELEASING = YES;
				CLANG_WARN_BOOL_CONVERSION = YES;
				CLANG_WARN_COMMA = YES;
				CLANG_WARN_CONSTANT_CONVERSION = YES;
				CLANG_WARN_DEPRECATED_OBJC_IMPLEMENTATIONS = YES;
				CLANG_WARN_DIRECT_OBJC_ISA_USAGE = YES_ERROR;
				CLANG_WARN_DOCUMENTATION_COMMENTS = YES;
				CLANG_WARN_EMPTY_BODY = YES;
				CLANG_WARN_ENUM_CONVERSION = YES;
				CLANG_WARN_INFINITE_RECURSION = YES;
				CLANG_WARN_INT_CONVERSION = YES;
				CLANG_WARN_NON_LITERAL_NULL_CONVERSION = YES;
				CLANG_WARN_OBJC_IMPLICIT_RETAIN_SELF = YES;
				CLANG_WARN_OBJC_LITERAL_CONVERSION = YES;
				CLANG_WARN_OBJC_ROOT_CLASS = YES_ERROR;
				CLANG_WARN_QUOTED_INCLUDE_IN_FRAMEWORK_HEADER = YES;
				CLANG_WARN_RANGE_LOOP_ANALYSIS = YES;
				CLANG_WARN_STRICT_PROTOTYPES = YES;
				CLANG_WARN_SUSPICIOUS_MOVE = YES;
				CLANG_WARN_UNGUARDED_AVAILABILITY = YES_AGGRESSIVE;
				CLANG_WARN_UNREACHABLE_CODE = YES;
				CLANG_WARN__DUPLICATE_METHOD_MATCH = YES;
				COPY_PHASE_STRIP = NO;
				DEBUG_INFORMATION_FORMAT = "dwarf-with-dsym";
				ENABLE_NS_ASSERTIONS = NO;
				ENABLE_STRICT_OBJC_MSGSEND = YES;
				ENABLE_USER_SCRIPT_SANDBOXING = YES;
				GCC_C_LANGUAGE_STANDARD = gnu17;
				GCC_NO_COMMON_BLOCKS = YES;
				GCC_WARN_64_TO_32_BIT_CONVERSION = YES;
				GCC_WARN_ABOUT_RETURN_TYPE = YES_ERROR;
				GCC_WARN_UNDECLARED_SELECTOR = YES;
				GCC_WARN_UNINITIALIZED_AUTOS = YES_AGGRESSIVE;
				GCC_WARN_UNUSED_FUNCTION = YES;
				GCC_WARN_UNUSED_VARIABLE = YES;
				IPHONEOS_DEPLOYMENT_TARGET = 17.0;
				LOCALIZATION_PREFERS_STRING_CATALOGS = YES;
				MTL_ENABLE_DEBUG_INFO = NO;
				MTL_FAST_MATH = YES;
				SDKROOT = iphoneos;
				SWIFT_COMPILATION_MODE = wholemodule;
				VALIDATE_PRODUCT = YES;
			};
			name = Release;
		};
		9A9871372C11563A00C1CA25 /* Debug */ = {
			isa = XCBuildConfiguration;
			buildSettings = {
				ASSETCATALOG_COMPILER_APPICON_NAME = AppIcon;
				ASSETCATALOG_COMPILER_GLOBAL_ACCENT_COLOR_NAME = AccentColor;
				CLANG_ENABLE_MODULES = YES;
				CODE_SIGN_STYLE = Automatic;
				CURRENT_PROJECT_VERSION = 1;
				DEVELOPMENT_TEAM = 3RP233LCAC;
				GENERATE_INFOPLIST_FILE = YES;
				INFOPLIST_FILE = SDKDemoSwift/Info.plist;
				INFOPLIST_KEY_NSBluetoothAlwaysUsageDescription = "使用蓝牙";
				INFOPLIST_KEY_UIApplicationSupportsIndirectInputEvents = YES;
				INFOPLIST_KEY_UILaunchStoryboardName = LaunchScreen;
				INFOPLIST_KEY_UIMainStoryboardFile = Main;
				INFOPLIST_KEY_UISupportedInterfaceOrientations_iPad = "UIInterfaceOrientationPortrait UIInterfaceOrientationPortraitUpsideDown UIInterfaceOrientationLandscapeLeft UIInterfaceOrientationLandscapeRight";
				INFOPLIST_KEY_UISupportedInterfaceOrientations_iPhone = "UIInterfaceOrientationPortrait UIInterfaceOrientationLandscapeLeft UIInterfaceOrientationLandscapeRight";
				IPHONEOS_DEPLOYMENT_TARGET = 11.0;
				LD_RUNPATH_SEARCH_PATHS = (
					"$(inherited)",
					"@executable_path/Frameworks",
				);
				LIBRARY_SEARCH_PATHS = (
					"$(inherited)",
					"$(PROJECT_DIR)/SDKDemoSwift",
				);
				MARKETING_VERSION = 1.0;
				OTHER_LDFLAGS = (
					"-ObjC",
					"-ld64",
				);
				PRODUCT_BUNDLE_IDENTIFIER = com.suofangsw.SDK;
				PRODUCT_NAME = "$(TARGET_NAME)";
				SWIFT_EMIT_LOC_STRINGS = YES;
				SWIFT_OBJC_BRIDGING_HEADER = "SDKDemoSwift/SDKDemoSwift-Bridging-Header.h";
				SWIFT_OPTIMIZATION_LEVEL = "-Onone";
				SWIFT_VERSION = 5.0;
				TARGETED_DEVICE_FAMILY = "1,2";
			};
			name = Debug;
		};
		9A9871382C11563A00C1CA25 /* Release */ = {
			isa = XCBuildConfiguration;
			buildSettings = {
				ASSETCATALOG_COMPILER_APPICON_NAME = AppIcon;
				ASSETCATALOG_COMPILER_GLOBAL_ACCENT_COLOR_NAME = AccentColor;
				CLANG_ENABLE_MODULES = YES;
				CODE_SIGN_STYLE = Automatic;
				CURRENT_PROJECT_VERSION = 1;
				DEVELOPMENT_TEAM = 3RP233LCAC;
				GENERATE_INFOPLIST_FILE = YES;
				INFOPLIST_FILE = SDKDemoSwift/Info.plist;
				INFOPLIST_KEY_NSBluetoothAlwaysUsageDescription = "使用蓝牙";
				INFOPLIST_KEY_UIApplicationSupportsIndirectInputEvents = YES;
				INFOPLIST_KEY_UILaunchStoryboardName = LaunchScreen;
				INFOPLIST_KEY_UIMainStoryboardFile = Main;
				INFOPLIST_KEY_UISupportedInterfaceOrientations_iPad = "UIInterfaceOrientationPortrait UIInterfaceOrientationPortraitUpsideDown UIInterfaceOrientationLandscapeLeft UIInterfaceOrientationLandscapeRight";
				INFOPLIST_KEY_UISupportedInterfaceOrientations_iPhone = "UIInterfaceOrientationPortrait UIInterfaceOrientationLandscapeLeft UIInterfaceOrientationLandscapeRight";
				IPHONEOS_DEPLOYMENT_TARGET = 11.0;
				LD_RUNPATH_SEARCH_PATHS = (
					"$(inherited)",
					"@executable_path/Frameworks",
				);
				LIBRARY_SEARCH_PATHS = (
					"$(inherited)",
					"$(PROJECT_DIR)/SDKDemoSwift",
				);
				MARKETING_VERSION = 1.0;
				OTHER_LDFLAGS = (
					"-ObjC",
					"-ld64",
				);
				PRODUCT_BUNDLE_IDENTIFIER = com.suofangsw.SDK;
				PRODUCT_NAME = "$(TARGET_NAME)";
				SWIFT_EMIT_LOC_STRINGS = YES;
				SWIFT_OBJC_BRIDGING_HEADER = "SDKDemoSwift/SDKDemoSwift-Bridging-Header.h";
				SWIFT_VERSION = 5.0;
				TARGETED_DEVICE_FAMILY = "1,2";
			};
			name = Release;
		};
/* End XCBuildConfiguration section */

/* Begin XCConfigurationList section */
		9A98711D2C11563800C1CA25 /* Build configuration list for PBXProject "SDKDemoSwift" */ = {
			isa = XCConfigurationList;
			buildConfigurations = (
				9A9871342C11563A00C1CA25 /* Debug */,
				9A9871352C11563A00C1CA25 /* Release */,
			);
			defaultConfigurationIsVisible = 0;
			defaultConfigurationName = Release;
		};
		9A9871362C11563A00C1CA25 /* Build configuration list for PBXNativeTarget "SDKDemoSwift" */ = {
			isa = XCConfigurationList;
			buildConfigurations = (
				9A9871372C11563A00C1CA25 /* Debug */,
				9A9871382C11563A00C1CA25 /* Release */,
			);
			defaultConfigurationIsVisible = 0;
			defaultConfigurationName = Release;
		};
/* End XCConfigurationList section */
	};
	rootObject = 9A98711A2C11563800C1CA25 /* Project object */;
}
